# This file was autogenerated by Stack.
# You should not edit this file by hand.
# For more information, please see the documentation at:
#   https://docs.haskellstack.org/en/stable/lock_files

packages:
- completed:
    subdir: .
    name: liquidhaskell
    version: 0.8.10.2.1
    git: https://github.com/ucsd-progsys/liquidhaskell
    pantry-tree:
      size: 298834
      sha256: 74db5c532b0e8b299610fae520e6d21d1de4a928f3cf9eb20c8e14d50ed96492
    commit: 4500b6799eb7eb87cb344ecc2eed122297ed53b7
  original:
    subdir: .
    git: https://github.com/ucsd-progsys/liquidhaskell
    commit: 4500b6799eb7eb87cb344ecc2eed122297ed53b7
- completed:
    subdir: liquid-base
    name: liquid-base
    version: 4.14.1.0
    git: https://github.com/ucsd-progsys/liquidhaskell
    pantry-tree:
      size: 15057
      sha256: 49214f6bd48452f1e93e33539a4877bc91815454ebab25954073b15a26397a28
    commit: 4500b6799eb7eb87cb344ecc2eed122297ed53b7
  original:
    subdir: liquid-base
    git: https://github.com/ucsd-progsys/liquidhaskell
    commit: 4500b6799eb7eb87cb344ecc2eed122297ed53b7
- completed:
    subdir: liquid-prelude
    name: liquid-prelude
    version: 0.8.10.2
    git: https://github.com/ucsd-progsys/liquidhaskell
    pantry-tree:
      size: 1029
      sha256: 17fffd9d59ef7d3e7fa04b89174250bab84af77822d3f5de0124d608aa6827c6
    commit: 4500b6799eb7eb87cb344ecc2eed122297ed53b7
  original:
    subdir: liquid-prelude
    git: https://github.com/ucsd-progsys/liquidhaskell
    commit: 4500b6799eb7eb87cb344ecc2eed122297ed53b7
- completed:
    subdir: liquid-ghc-prim
    name: liquid-ghc-prim
    version: 0.6.1
    git: https://github.com/ucsd-progsys/liquidhaskell
    pantry-tree:
      size: 912
      sha256: f4a142e73996a292cf2eae8c364f71fe9a1195937801cad720ac1394db1bd3ae
    commit: 4500b6799eb7eb87cb344ecc2eed122297ed53b7
  original:
    subdir: liquid-ghc-prim
    git: https://github.com/ucsd-progsys/liquidhaskell
    commit: 4500b6799eb7eb87cb344ecc2eed122297ed53b7
- completed:
    name: liquid-fixpoint
    version: 0.8.10.2.1
    git: https://github.com/ucsd-progsys/liquid-fixpoint
    pantry-tree:
      size: 21000
      sha256: cd810e3f4fd3469f05a17c80a67136f0af4e62da81029c15a4de9ba52202cb4f
    commit: ce6fe613efcc33a76aac462a2c2033e2b2b61f01
  original:
    git: https://github.com/ucsd-progsys/liquid-fixpoint
    commit: ce6fe613efcc33a76aac462a2c2033e2b2b61f01
snapshots:
- completed:
    size: 585817
    url: https://raw.githubusercontent.com/commercialhaskell/stackage-snapshots/master/lts/18/5.yaml
    sha256: 22d24d0dacad9c1450b9a174c28d203f9bb482a2a8da9710a2f2a9f4afee2887
  original: lts-18.5
